
Microsoft Visual Studio Solution File, Format Version 12.00
# Visual Studio 14
VisualStudioVersion = 14.0.25123.0
MinimumVisualStudioVersion = 10.0.40219.1
Project("{FAE04EC0-301F-11D3-BF4B-00C04F79EFBC}") = "FarmManagement", "FarmManagement\FarmManagement.csproj", "{D516EC2C-F67B-444B-BCB8-31FC31098B19}"
EndProject
Project("{FAE04EC0-301F-11D3-BF4B-00C04F79EFBC}") = "BLL", "BLL\BLL.csproj", "{F0C215C0-DB41-4C2A-80E9-7D87BF1E1CDC}"
EndProject
Project("{FAE04EC0-301F-11D3-BF4B-00C04F79EFBC}") = "DAL", "DAL\DAL.csproj", "{819700CD-6B12-48FE-8A22-3F34A8171E31}"
EndProject
Project("{FAE04EC0-301F-11D3-BF4B-00C04F79EFBC}") = "Server", "Server\Server.csproj", "{460FF9F1-1589-4233-9889-41ECFD8DEFBA}"
EndProject
Global
	GlobalSection(SolutionConfigurationPlatforms) = preSolution
		Debug|Any CPU = Debug|Any CPU
		Release|Any CPU = Release|Any CPU
	EndGlobalSection
	GlobalSection(ProjectConfigurationPlatforms) = postSolution
		{D516EC2C-F67B-444B-BCB8-31FC31098B19}.Debug|Any CPU.ActiveCfg = Debug|Any CPU
		{D516EC2C-F67B-444B-BCB8-31FC31098B19}.Debug|Any CPU.Build.0 = Debug|Any CPU
		{D516EC2C-F67B-444B-BCB8-31FC31098B19}.Release|Any CPU.ActiveCfg = Release|Any CPU
		{D516EC2C-F67B-444B-BCB8-31FC31098B19}.Release|Any CPU.Build.0 = Release|Any CPU
		{F0C215C0-DB41-4C2A-80E9-7D87BF1E1CDC}.Debug|Any CPU.ActiveCfg = Debug|Any CPU
		{F0C215C0-DB41-4C2A-80E9-7D87BF1E1CDC}.Debug|Any CPU.Build.0 = Debug|Any CPU
		{F0C215C0-DB41-4C2A-80E9-7D87BF1E1CDC}.Release|Any CPU.ActiveCfg = Release|Any CPU
		{F0C215C0-DB41-4C2A-80E9-7D87BF1E1CDC}.Release|Any CPU.Build.0 = Release|Any CPU
		{819700CD-6B12-48FE-8A22-3F34A8171E31}.Debug|Any CPU.ActiveCfg = Debug|Any CPU
		{819700CD-6B12-48FE-8A22-3F34A8171E31}.Debug|Any CPU.Build.0 = Debug|Any CPU
		{819700CD-6B12-48FE-8A22-3F34A8171E31}.Release|Any CPU.ActiveCfg = Release|Any CPU
		{819700CD-6B12-48FE-8A22-3F34A8171E31}.Release|Any CPU.Build.0 = Release|Any CPU
		{460FF9F1-1589-4233-9889-41ECFD8DEFBA}.Debug|Any CPU.ActiveCfg = Debug|Any CPU
		{460FF9F1-1589-4233-9889-41ECFD8DEFBA}.Debug|Any CPU.Build.0 = Debug|Any CPU
		{460FF9F1-1589-4233-9889-41ECFD8DEFBA}.Release|Any CPU.ActiveCfg = Release|Any CPU
		{460FF9F1-1589-4233-9889-41ECFD8DEFBA}.Release|Any CPU.Build.0 = Release|Any CPU
	EndGlobalSection
	GlobalSection(SolutionProperties) = preSolution
		HideSolutionNode = FALSE
	EndGlobalSection
	GlobalSection(ExtensibilityGlobals) = postSolution
		SolutionGuid = {648FCBAE-B14D-451C-A04E-0EA3B8A9B3A2}
	EndGlobalSection
EndGlobal
